
Microsoft Visual Studio Solution File, Format Version 12.00
# Visual Studio Version 17
VisualStudioVersion = 17.8.34511.84
MinimumVisualStudioVersion = 10.0.40219.1
Project("{FAE04EC0-301F-11D3-BF4B-00C04F79EFBC}") = "AccountService.Api", "AccountService.Api\AccountService.Api.csproj", "{3625D6E1-DF64-45FC-9C8F-4EE188D4133F}"
EndProject
Project("{FAE04EC0-301F-11D3-BF4B-00C04F79EFBC}") = "AccountService.Api.Test", "AccountService.Api.Test\AccountService.Api.Test.csproj", "{115E23C8-0E7A-4479-8B77-48D0ADC06F4C}"
EndProject
Global
	GlobalSection(SolutionConfigurationPlatforms) = preSolution
		Debug|Any CPU = Debug|Any CPU
		Release|Any CPU = Release|Any CPU
	EndGlobalSection
	GlobalSection(ProjectConfigurationPlatforms) = postSolution
		{3625D6E1-DF64-45FC-9C8F-4EE188D4133F}.Debug|Any CPU.ActiveCfg = Debug|Any CPU
		{3625D6E1-DF64-45FC-9C8F-4EE188D4133F}.Debug|Any CPU.Build.0 = Debug|Any CPU
		{3625D6E1-DF64-45FC-9C8F-4EE188D4133F}.Release|Any CPU.ActiveCfg = Release|Any CPU
		{3625D6E1-DF64-45FC-9C8F-4EE188D4133F}.Release|Any CPU.Build.0 = Release|Any CPU
		{115E23C8-0E7A-4479-8B77-48D0ADC06F4C}.Debug|Any CPU.ActiveCfg = Debug|Any CPU
		{115E23C8-0E7A-4479-8B77-48D0ADC06F4C}.Debug|Any CPU.Build.0 = Debug|Any CPU
		{115E23C8-0E7A-4479-8B77-48D0ADC06F4C}.Release|Any CPU.ActiveCfg = Release|Any CPU
		{115E23C8-0E7A-4479-8B77-48D0ADC06F4C}.Release|Any CPU.Build.0 = Release|Any CPU
	EndGlobalSection
	GlobalSection(SolutionProperties) = preSolution
		HideSolutionNode = FALSE
	EndGlobalSection
	GlobalSection(ExtensibilityGlobals) = postSolution
		SolutionGuid = {E9B27D8B-FF34-482B-BA7E-223B6A410978}
	EndGlobalSection
EndGlobal
