
Microsoft Visual Studio Solution File, Format Version 12.00
# Visual Studio Version 17
VisualStudioVersion = 17.8.34511.84
MinimumVisualStudioVersion = 10.0.40219.1
Project("{9A19103F-16F7-4668-BE54-9A1E7A4F7556}") = "AccountManagement.Api", "AccountManagement.Api\AccountManagement.Api.csproj", "{E9EFF6A4-1181-4AD0-9470-2B1AF2CAFA72}"
EndProject
Project("{FAE04EC0-301F-11D3-BF4B-00C04F79EFBC}") = "AccountManagement.Api.Test", "AccountManagement.Api.Test\AccountManagement.Api.Test.csproj", "{8FE3A269-1AEF-4E98-BE86-4C60BB5BBFD2}"
EndProject
Global
	GlobalSection(SolutionConfigurationPlatforms) = preSolution
		Debug|Any CPU = Debug|Any CPU
		Release|Any CPU = Release|Any CPU
	EndGlobalSection
	GlobalSection(ProjectConfigurationPlatforms) = postSolution
		{E9EFF6A4-1181-4AD0-9470-2B1AF2CAFA72}.Debug|Any CPU.ActiveCfg = Debug|Any CPU
		{E9EFF6A4-1181-4AD0-9470-2B1AF2CAFA72}.Debug|Any CPU.Build.0 = Debug|Any CPU
		{E9EFF6A4-1181-4AD0-9470-2B1AF2CAFA72}.Release|Any CPU.ActiveCfg = Release|Any CPU
		{E9EFF6A4-1181-4AD0-9470-2B1AF2CAFA72}.Release|Any CPU.Build.0 = Release|Any CPU
		{8FE3A269-1AEF-4E98-BE86-4C60BB5BBFD2}.Debug|Any CPU.ActiveCfg = Debug|Any CPU
		{8FE3A269-1AEF-4E98-BE86-4C60BB5BBFD2}.Debug|Any CPU.Build.0 = Debug|Any CPU
		{8FE3A269-1AEF-4E98-BE86-4C60BB5BBFD2}.Release|Any CPU.ActiveCfg = Release|Any CPU
		{8FE3A269-1AEF-4E98-BE86-4C60BB5BBFD2}.Release|Any CPU.Build.0 = Release|Any CPU
	EndGlobalSection
	GlobalSection(SolutionProperties) = preSolution
		HideSolutionNode = FALSE
	EndGlobalSection
	GlobalSection(ExtensibilityGlobals) = postSolution
		SolutionGuid = {0AAA5458-C566-4F8F-9336-2D6E1A426650}
	EndGlobalSection
EndGlobal
